// !$*UTF8*$!
{
	archiveVersion = 1;
	classes = {
	};
	objectVersion = 50;
	objects = {

/* Begin PBXBuildFile section */
		7AF709163BC643EAF217734E /* Pods_VishalDemoAppTests.framework in Frameworks */ = {isa = PBXBuildFile; fileRef = 0E3FE4B5E3D3183EB4DDAE04 /* Pods_VishalDemoAppTests.framework */; };
		B5E748792405582900FABBA5 /* AppDelegate.swift in Sources */ = {isa = PBXBuildFile; fileRef = B5E748782405582900FABBA5 /* AppDelegate.swift */; };
		B5E7487B2405582900FABBA5 /* SceneDelegate.swift in Sources */ = {isa = PBXBuildFile; fileRef = B5E7487A2405582900FABBA5 /* SceneDelegate.swift */; };
		B5E748802405582900FABBA5 /* Main.storyboard in Resources */ = {isa = PBXBuildFile; fileRef = B5E7487E2405582900FABBA5 /* Main.storyboard */; };
		B5E748822405583E00FABBA5 /* Assets.xcassets in Resources */ = {isa = PBXBuildFile; fileRef = B5E748812405583E00FABBA5 /* Assets.xcassets */; };
		B5E748852405583E00FABBA5 /* LaunchScreen.storyboard in Resources */ = {isa = PBXBuildFile; fileRef = B5E748832405583E00FABBA5 /* LaunchScreen.storyboard */; };
		B5E748902405583E00FABBA5 /* VishalDemoAppTests.swift in Sources */ = {isa = PBXBuildFile; fileRef = B5E7488F2405583E00FABBA5 /* VishalDemoAppTests.swift */; };
		B5E7489C24055C1800FABBA5 /* Employee.swift in Sources */ = {isa = PBXBuildFile; fileRef = B5E7489B24055C1800FABBA5 /* Employee.swift */; };
		B5E748A22405660700FABBA5 /* ListViewController.swift in Sources */ = {isa = PBXBuildFile; fileRef = B5E748A12405660700FABBA5 /* ListViewController.swift */; };
		B5E748A42405727A00FABBA5 /* APIClient.swift in Sources */ = {isa = PBXBuildFile; fileRef = B5E748A32405727A00FABBA5 /* APIClient.swift */; };
		B5E748A8240584EF00FABBA5 /* EmployeeCustomCell.swift in Sources */ = {isa = PBXBuildFile; fileRef = B5E748A6240584EF00FABBA5 /* EmployeeCustomCell.swift */; };
		B5E748A9240584EF00FABBA5 /* EmployeeCustomCell.xib in Resources */ = {isa = PBXBuildFile; fileRef = B5E748A7240584EF00FABBA5 /* EmployeeCustomCell.xib */; };
		B5E748AB24058F4E00FABBA5 /* DetailViewController.swift in Sources */ = {isa = PBXBuildFile; fileRef = B5E748AA24058F4E00FABBA5 /* DetailViewController.swift */; };
		B8F8802075ACAF151A83DFFE /* Pods_VishalDemoApp.framework in Frameworks */ = {isa = PBXBuildFile; fileRef = 7599D2579FE776C33ACD69F6 /* Pods_VishalDemoApp.framework */; };
/* End PBXBuildFile section */

/* Begin PBXContainerItemProxy section */
		B5E7488C2405583E00FABBA5 /* PBXContainerItemProxy */ = {
			isa = PBXContainerItemProxy;
			containerPortal = B5E7486D2405582900FABBA5 /* Project object */;
			proxyType = 1;
			remoteGlobalIDString = B5E748742405582900FABBA5;
			remoteInfo = VishalDemoApp;
		};
/* End PBXContainerItemProxy section */

/* Begin PBXFileReference section */
		0E3FE4B5E3D3183EB4DDAE04 /* Pods_VishalDemoAppTests.framework */ = {isa = PBXFileReference; explicitFileType = wrapper.framework; includeInIndex = 0; path = Pods_VishalDemoAppTests.framework; sourceTree = BUILT_PRODUCTS_DIR; };
		160BF7DB01D654BF0A3C6ED4 /* Pods-VishalDemoApp.release.xcconfig */ = {isa = PBXFileReference; includeInIndex = 1; lastKnownFileType = text.xcconfig; name = "Pods-VishalDemoApp.release.xcconfig"; path = "Target Support Files/Pods-VishalDemoApp/Pods-VishalDemoApp.release.xcconfig"; sourceTree = "<group>"; };
		36A1AA5DA42D63C8A94FA242 /* Pods-VishalDemoApp.debug.xcconfig */ = {isa = PBXFileReference; includeInIndex = 1; lastKnownFileType = text.xcconfig; name = "Pods-VishalDemoApp.debug.xcconfig"; path = "Target Support Files/Pods-VishalDemoApp/Pods-VishalDemoApp.debug.xcconfig"; sourceTree = "<group>"; };
		7599D2579FE776C33ACD69F6 /* Pods_VishalDemoApp.framework */ = {isa = PBXFileReference; explicitFileType = wrapper.framework; includeInIndex = 0; path = Pods_VishalDemoApp.framework; sourceTree = BUILT_PRODUCTS_DIR; };
		85A026D2C1E4DB2014ABDA74 /* Pods-VishalDemoAppTests.debug.xcconfig */ = {isa = PBXFileReference; includeInIndex = 1; lastKnownFileType = text.xcconfig; name = "Pods-VishalDemoAppTests.debug.xcconfig"; path = "Target Support Files/Pods-VishalDemoAppTests/Pods-VishalDemoAppTests.debug.xcconfig"; sourceTree = "<group>"; };
		AF091ECB80B42E2AAA248120 /* Pods-VishalDemoAppTests.release.xcconfig */ = {isa = PBXFileReference; includeInIndex = 1; lastKnownFileType = text.xcconfig; name = "Pods-VishalDemoAppTests.release.xcconfig"; path = "Target Support Files/Pods-VishalDemoAppTests/Pods-VishalDemoAppTests.release.xcconfig"; sourceTree = "<group>"; };
		B5E748752405582900FABBA5 /* VishalDemoApp.app */ = {isa = PBXFileReference; explicitFileType = wrapper.application; includeInIndex = 0; path = VishalDemoApp.app; sourceTree = BUILT_PRODUCTS_DIR; };
		B5E748782405582900FABBA5 /* AppDelegate.swift */ = {isa = PBXFileReference; lastKnownFileType = sourcecode.swift; path = AppDelegate.swift; sourceTree = "<group>"; };
		B5E7487A2405582900FABBA5 /* SceneDelegate.swift */ = {isa = PBXFileReference; lastKnownFileType = sourcecode.swift; path = SceneDelegate.swift; sourceTree = "<group>"; };
		B5E7487F2405582900FABBA5 /* Base */ = {isa = PBXFileReference; lastKnownFileType = file.storyboard; name = Base; path = Base.lproj/Main.storyboard; sourceTree = "<group>"; };
		B5E748812405583E00FABBA5 /* Assets.xcassets */ = {isa = PBXFileReference; lastKnownFileType = folder.assetcatalog; path = Assets.xcassets; sourceTree = "<group>"; };
		B5E748842405583E00FABBA5 /* Base */ = {isa = PBXFileReference; lastKnownFileType = file.storyboard; name = Base; path = Base.lproj/LaunchScreen.storyboard; sourceTree = "<group>"; };
		B5E748862405583E00FABBA5 /* Info.plist */ = {isa = PBXFileReference; lastKnownFileType = text.plist.xml; path = Info.plist; sourceTree = "<group>"; };
		B5E7488B2405583E00FABBA5 /* VishalDemoAppTests.xctest */ = {isa = PBXFileReference; explicitFileType = wrapper.cfbundle; includeInIndex = 0; path = VishalDemoAppTests.xctest; sourceTree = BUILT_PRODUCTS_DIR; };
		B5E7488F2405583E00FABBA5 /* VishalDemoAppTests.swift */ = {isa = PBXFileReference; lastKnownFileType = sourcecode.swift; path = VishalDemoAppTests.swift; sourceTree = "<group>"; };
		B5E748912405583E00FABBA5 /* Info.plist */ = {isa = PBXFileReference; lastKnownFileType = text.plist.xml; path = Info.plist; sourceTree = "<group>"; };
		B5E7489B24055C1800FABBA5 /* Employee.swift */ = {isa = PBXFileReference; lastKnownFileType = sourcecode.swift; path = Employee.swift; sourceTree = "<group>"; };
		B5E748A12405660700FABBA5 /* ListViewController.swift */ = {isa = PBXFileReference; lastKnownFileType = sourcecode.swift; path = ListViewController.swift; sourceTree = "<group>"; };
		B5E748A32405727A00FABBA5 /* APIClient.swift */ = {isa = PBXFileReference; lastKnownFileType = sourcecode.swift; path = APIClient.swift; sourceTree = "<group>"; };
		B5E748A6240584EF00FABBA5 /* EmployeeCustomCell.swift */ = {isa = PBXFileReference; lastKnownFileType = sourcecode.swift; path = EmployeeCustomCell.swift; sourceTree = "<group>"; };
		B5E748A7240584EF00FABBA5 /* EmployeeCustomCell.xib */ = {isa = PBXFileReference; lastKnownFileType = file.xib; path = EmployeeCustomCell.xib; sourceTree = "<group>"; };
		B5E748AA24058F4E00FABBA5 /* DetailViewController.swift */ = {isa = PBXFileReference; lastKnownFileType = sourcecode.swift; path = DetailViewController.swift; sourceTree = "<group>"; };
/* End PBXFileReference section */

/* Begin PBXFrameworksBuildPhase section */
		B5E748722405582900FABBA5 /* Frameworks */ = {
			isa = PBXFrameworksBuildPhase;
			buildActionMask = 2147483647;
			files = (
				B8F8802075ACAF151A83DFFE /* Pods_VishalDemoApp.framework in Frameworks */,
			);
			runOnlyForDeploymentPostprocessing = 0;
		};
		B5E748882405583E00FABBA5 /* Frameworks */ = {
			isa = PBXFrameworksBuildPhase;
			buildActionMask = 2147483647;
			files = (
				7AF709163BC643EAF217734E /* Pods_VishalDemoAppTests.framework in Frameworks */,
			);
			runOnlyForDeploymentPostprocessing = 0;
		};
/* End PBXFrameworksBuildPhase section */

/* Begin PBXGroup section */
		2D514B4F16A1CEB36400CF67 /* Pods */ = {
			isa = PBXGroup;
			children = (
				36A1AA5DA42D63C8A94FA242 /* Pods-VishalDemoApp.debug.xcconfig */,
				160BF7DB01D654BF0A3C6ED4 /* Pods-VishalDemoApp.release.xcconfig */,
				85A026D2C1E4DB2014ABDA74 /* Pods-VishalDemoAppTests.debug.xcconfig */,
				AF091ECB80B42E2AAA248120 /* Pods-VishalDemoAppTests.release.xcconfig */,
			);
			name = Pods;
			path = Pods;
			sourceTree = "<group>";
		};
		3E7B7958B2A6604CD36C44AB /* Frameworks */ = {
			isa = PBXGroup;
			children = (
				7599D2579FE776C33ACD69F6 /* Pods_VishalDemoApp.framework */,
				0E3FE4B5E3D3183EB4DDAE04 /* Pods_VishalDemoAppTests.framework */,
			);
			name = Frameworks;
			sourceTree = "<group>";
		};
		B5E7486C2405582900FABBA5 = {
			isa = PBXGroup;
			children = (
				B5E748772405582900FABBA5 /* VishalDemoApp */,
				B5E7488E2405583E00FABBA5 /* VishalDemoAppTests */,
				B5E748762405582900FABBA5 /* Products */,
				2D514B4F16A1CEB36400CF67 /* Pods */,
				3E7B7958B2A6604CD36C44AB /* Frameworks */,
			);
			sourceTree = "<group>";
		};
		B5E748762405582900FABBA5 /* Products */ = {
			isa = PBXGroup;
			children = (
				B5E748752405582900FABBA5 /* VishalDemoApp.app */,
				B5E7488B2405583E00FABBA5 /* VishalDemoAppTests.xctest */,
			);
			name = Products;
			sourceTree = "<group>";
		};
		B5E748772405582900FABBA5 /* VishalDemoApp */ = {
			isa = PBXGroup;
			children = (
				B5E748A5240584BD00FABBA5 /* CustomCells */,
				B5E748A0240565E400FABBA5 /* Controllers */,
				B5E7489D24055C9900FABBA5 /* SupportingClasses */,
				B5E7489A24055BDE00FABBA5 /* Models */,
				B5E748782405582900FABBA5 /* AppDelegate.swift */,
				B5E7487A2405582900FABBA5 /* SceneDelegate.swift */,
				B5E7487E2405582900FABBA5 /* Main.storyboard */,
				B5E748812405583E00FABBA5 /* Assets.xcassets */,
				B5E748832405583E00FABBA5 /* LaunchScreen.storyboard */,
				B5E748862405583E00FABBA5 /* Info.plist */,
			);
			path = VishalDemoApp;
			sourceTree = "<group>";
		};
		B5E7488E2405583E00FABBA5 /* VishalDemoAppTests */ = {
			isa = PBXGroup;
			children = (
				B5E7488F2405583E00FABBA5 /* VishalDemoAppTests.swift */,
				B5E748912405583E00FABBA5 /* Info.plist */,
			);
			path = VishalDemoAppTests;
			sourceTree = "<group>";
		};
		B5E7489A24055BDE00FABBA5 /* Models */ = {
			isa = PBXGroup;
			children = (
				B5E7489B24055C1800FABBA5 /* Employee.swift */,
			);
			path = Models;
			sourceTree = "<group>";
		};
		B5E7489D24055C9900FABBA5 /* SupportingClasses */ = {
			isa = PBXGroup;
			children = (
				B5E748A32405727A00FABBA5 /* APIClient.swift */,
			);
			path = SupportingClasses;
			sourceTree = "<group>";
		};
		B5E748A0240565E400FABBA5 /* Controllers */ = {
			isa = PBXGroup;
			children = (
				B5E748A12405660700FABBA5 /* ListViewController.swift */,
				B5E748AA24058F4E00FABBA5 /* DetailViewController.swift */,
			);
			path = Controllers;
			sourceTree = "<group>";
		};
		B5E748A5240584BD00FABBA5 /* CustomCells */ = {
			isa = PBXGroup;
			children = (
				B5E748A6240584EF00FABBA5 /* EmployeeCustomCell.swift */,
				B5E748A7240584EF00FABBA5 /* EmployeeCustomCell.xib */,
			);
			path = CustomCells;
			sourceTree = "<group>";
		};
/* End PBXGroup section */

/* Begin PBXNativeTarget section */
		B5E748742405582900FABBA5 /* VishalDemoApp */ = {
			isa = PBXNativeTarget;
			buildConfigurationList = B5E748942405583E00FABBA5 /* Build configuration list for PBXNativeTarget "VishalDemoApp" */;
			buildPhases = (
				F5215EFC85D045398260FC81 /* [CP] Check Pods Manifest.lock */,
				B5E748712405582900FABBA5 /* Sources */,
				B5E748722405582900FABBA5 /* Frameworks */,
				B5E748732405582900FABBA5 /* Resources */,
				07457A4427DB7826A0B4D9CC /* [CP] Embed Pods Frameworks */,
			);
			buildRules = (
			);
			dependencies = (
			);
			name = VishalDemoApp;
			productName = VishalDemoApp;
			productReference = B5E748752405582900FABBA5 /* VishalDemoApp.app */;
			productType = "com.apple.product-type.application";
		};
		B5E7488A2405583E00FABBA5 /* VishalDemoAppTests */ = {
			isa = PBXNativeTarget;
			buildConfigurationList = B5E748972405583E00FABBA5 /* Build configuration list for PBXNativeTarget "VishalDemoAppTests" */;
			buildPhases = (
				F7428E46935B94A03721E4CC /* [CP] Check Pods Manifest.lock */,
				B5E748872405583E00FABBA5 /* Sources */,
				B5E748882405583E00FABBA5 /* Frameworks */,
				B5E748892405583E00FABBA5 /* Resources */,
			);
			buildRules = (
			);
			dependencies = (
				B5E7488D2405583E00FABBA5 /* PBXTargetDependency */,
			);
			name = VishalDemoAppTests;
			productName = VishalDemoAppTests;
			productReference = B5E7488B2405583E00FABBA5 /* VishalDemoAppTests.xctest */;
			productType = "com.apple.product-type.bundle.unit-test";
		};
/* End PBXNativeTarget section */

/* Begin PBXProject section */
		B5E7486D2405582900FABBA5 /* Project object */ = {
			isa = PBXProject;
			attributes = {
				LastSwiftUpdateCheck = 1130;
				LastUpgradeCheck = 1130;
				ORGANIZATIONNAME = "Vishal Patel";
				TargetAttributes = {
					B5E748742405582900FABBA5 = {
						CreatedOnToolsVersion = 11.3.1;
					};
					B5E7488A2405583E00FABBA5 = {
						CreatedOnToolsVersion = 11.3.1;
						TestTargetID = B5E748742405582900FABBA5;
					};
				};
			};
			buildConfigurationList = B5E748702405582900FABBA5 /* Build configuration list for PBXProject "VishalDemoApp" */;
			compatibilityVersion = "Xcode 9.3";
			developmentRegion = en;
			hasScannedForEncodings = 0;
			knownRegions = (
				en,
				Base,
			);
			mainGroup = B5E7486C2405582900FABBA5;
			productRefGroup = B5E748762405582900FABBA5 /* Products */;
			projectDirPath = "";
			projectRoot = "";
			targets = (
				B5E748742405582900FABBA5 /* VishalDemoApp */,
				B5E7488A2405583E00FABBA5 /* VishalDemoAppTests */,
			);
		};
/* End PBXProject section */

/* Begin PBXResourcesBuildPhase section */
		B5E748732405582900FABBA5 /* Resources */ = {
			isa = PBXResourcesBuildPhase;
			buildActionMask = 2147483647;
			files = (
				B5E748852405583E00FABBA5 /* LaunchScreen.storyboard in Resources */,
				B5E748822405583E00FABBA5 /* Assets.xcassets in Resources */,
				B5E748A9240584EF00FABBA5 /* EmployeeCustomCell.xib in Resources */,
				B5E748802405582900FABBA5 /* Main.storyboard in Resources */,
			);
			runOnlyForDeploymentPostprocessing = 0;
		};
		B5E748892405583E00FABBA5 /* Resources */ = {
			isa = PBXResourcesBuildPhase;
			buildActionMask = 2147483647;
			files = (
			);
			runOnlyForDeploymentPostprocessing = 0;
		};
/* End PBXResourcesBuildPhase section */

/* Begin PBXShellScriptBuildPhase section */
		07457A4427DB7826A0B4D9CC /* [CP] Embed Pods Frameworks */ = {
			isa = PBXShellScriptBuildPhase;
			buildActionMask = 2147483647;
			files = (
			);
			inputFileListPaths = (
				"${PODS_ROOT}/Target Support Files/Pods-VishalDemoApp/Pods-VishalDemoApp-frameworks-${CONFIGURATION}-input-files.xcfilelist",
			);
			name = "[CP] Embed Pods Frameworks";
			outputFileListPaths = (
				"${PODS_ROOT}/Target Support Files/Pods-VishalDemoApp/Pods-VishalDemoApp-frameworks-${CONFIGURATION}-output-files.xcfilelist",
			);
			runOnlyForDeploymentPostprocessing = 0;
			shellPath = /bin/sh;
			shellScript = "\"${PODS_ROOT}/Target Support Files/Pods-VishalDemoApp/Pods-VishalDemoApp-frameworks.sh\"\n";
			showEnvVarsInLog = 0;
		};
		F5215EFC85D045398260FC81 /* [CP] Check Pods Manifest.lock */ = {
			isa = PBXShellScriptBuildPhase;
			buildActionMask = 2147483647;
			files = (
			);
			inputFileListPaths = (
			);
			inputPaths = (
				"${PODS_PODFILE_DIR_PATH}/Podfile.lock",
				"${PODS_ROOT}/Manifest.lock",
			);
			name = "[CP] Check Pods Manifest.lock";
			outputFileListPaths = (
			);
			outputPaths = (
				"$(DERIVED_FILE_DIR)/Pods-VishalDemoApp-checkManifestLockResult.txt",
			);
			runOnlyForDeploymentPostprocessing = 0;
			shellPath = /bin/sh;
			shellScript = "diff \"${PODS_PODFILE_DIR_PATH}/Podfile.lock\" \"${PODS_ROOT}/Manifest.lock\" > /dev/null\nif [ $? != 0 ] ; then\n    # print error to STDERR\n    echo \"error: The sandbox is not in sync with the Podfile.lock. Run 'pod install' or update your CocoaPods installation.\" >&2\n    exit 1\nfi\n# This output is used by Xcode 'outputs' to avoid re-running this script phase.\necho \"SUCCESS\" > \"${SCRIPT_OUTPUT_FILE_0}\"\n";
			showEnvVarsInLog = 0;
		};
		F7428E46935B94A03721E4CC /* [CP] Check Pods Manifest.lock */ = {
			isa = PBXShellScriptBuildPhase;
			buildActionMask = 2147483647;
			files = (
			);
			inputFileListPaths = (
			);
			inputPaths = (
				"${PODS_PODFILE_DIR_PATH}/Podfile.lock",
				"${PODS_ROOT}/Manifest.lock",
			);
			name = "[CP] Check Pods Manifest.lock";
			outputFileListPaths = (
			);
			outputPaths = (
				"$(DERIVED_FILE_DIR)/Pods-VishalDemoAppTests-checkManifestLockResult.txt",
			);
			runOnlyForDeploymentPostprocessing = 0;
			shellPath = /bin/sh;
			shellScript = "diff \"${PODS_PODFILE_DIR_PATH}/Podfile.lock\" \"${PODS_ROOT}/Manifest.lock\" > /dev/null\nif [ $? != 0 ] ; then\n    # print error to STDERR\n    echo \"error: The sandbox is not in sync with the Podfile.lock. Run 'pod install' or update your CocoaPods installation.\" >&2\n    exit 1\nfi\n# This output is used by Xcode 'outputs' to avoid re-running this script phase.\necho \"SUCCESS\" > \"${SCRIPT_OUTPUT_FILE_0}\"\n";
			showEnvVarsInLog = 0;
		};
/* End PBXShellScriptBuildPhase section */

/* Begin PBXSourcesBuildPhase section */
		B5E748712405582900FABBA5 /* Sources */ = {
			isa = PBXSourcesBuildPhase;
			buildActionMask = 2147483647;
			files = (
				B5E7489C24055C1800FABBA5 /* Employee.swift in Sources */,
				B5E748792405582900FABBA5 /* AppDelegate.swift in Sources */,
				B5E748A22405660700FABBA5 /* ListViewController.swift in Sources */,
				B5E748A42405727A00FABBA5 /* APIClient.swift in Sources */,
				B5E748A8240584EF00FABBA5 /* EmployeeCustomCell.swift in Sources */,
				B5E7487B2405582900FABBA5 /* SceneDelegate.swift in Sources */,
				B5E748AB24058F4E00FABBA5 /* DetailViewController.swift in Sources */,
			);
			runOnlyForDeploymentPostprocessing = 0;
		};
		B5E748872405583E00FABBA5 /* Sources */ = {
			isa = PBXSourcesBuildPhase;
			buildActionMask = 2147483647;
			files = (
				B5E748902405583E00FABBA5 /* VishalDemoAppTests.swift in Sources */,
			);
			runOnlyForDeploymentPostprocessing = 0;
		};
/* End PBXSourcesBuildPhase section */

/* Begin PBXTargetDependency section */
		B5E7488D2405583E00FABBA5 /* PBXTargetDependency */ = {
			isa = PBXTargetDependency;
			target = B5E748742405582900FABBA5 /* VishalDemoApp */;
			targetProxy = B5E7488C2405583E00FABBA5 /* PBXContainerItemProxy */;
		};
/* End PBXTargetDependency section */

/* Begin PBXVariantGroup section */
		B5E7487E2405582900FABBA5 /* Main.storyboard */ = {
			isa = PBXVariantGroup;
			children = (
				B5E7487F2405582900FABBA5 /* Base */,
			);
			name = Main.storyboard;
			sourceTree = "<group>";
		};
		B5E748832405583E00FABBA5 /* LaunchScreen.storyboard */ = {
			isa = PBXVariantGroup;
			children = (
				B5E748842405583E00FABBA5 /* Base */,
			);
			name = LaunchScreen.storyboard;
			sourceTree = "<group>";
		};
/* End PBXVariantGroup section */

/* Begin XCBuildConfiguration section */
		B5E748922405583E00FABBA5 /* Debug */ = {
			isa = XCBuildConfiguration;
			buildSettings = {
				ALWAYS_SEARCH_USER_PATHS = NO;
				CLANG_ANALYZER_NONNULL = YES;
				CLANG_ANALYZER_NUMBER_OBJECT_CONVERSION = YES_AGGRESSIVE;
				CLANG_CXX_LANGUAGE_STANDARD = "gnu++14";
				CLANG_CXX_LIBRARY = "libc++";
				CLANG_ENABLE_MODULES = YES;
				CLANG_ENABLE_OBJC_ARC = YES;
				CLANG_ENABLE_OBJC_WEAK = YES;
				CLANG_WARN_BLOCK_CAPTURE_AUTORELEASING = YES;
				CLANG_WARN_BOOL_CONVERSION = YES;
				CLANG_WARN_COMMA = YES;
				CLANG_WARN_CONSTANT_CONVERSION = YES;
				CLANG_WARN_DEPRECATED_OBJC_IMPLEMENTATIONS = YES;
				CLANG_WARN_DIRECT_OBJC_ISA_USAGE = YES_ERROR;
				CLANG_WARN_DOCUMENTATION_COMMENTS = YES;
				CLANG_WARN_EMPTY_BODY = YES;
				CLANG_WARN_ENUM_CONVERSION = YES;
				CLANG_WARN_INFINITE_RECURSION = YES;
				CLANG_WARN_INT_CONVERSION = YES;
				CLANG_WARN_NON_LITERAL_NULL_CONVERSION = YES;
				CLANG_WARN_OBJC_IMPLICIT_RETAIN_SELF = YES;
				CLANG_WARN_OBJC_LITERAL_CONVERSION = YES;
				CLANG_WARN_OBJC_ROOT_CLASS = YES_ERROR;
				CLANG_WARN_RANGE_LOOP_ANALYSIS = YES;
				CLANG_WARN_STRICT_PROTOTYPES = YES;
				CLANG_WARN_SUSPICIOUS_MOVE = YES;
				CLANG_WARN_UNGUARDED_AVAILABILITY = YES_AGGRESSIVE;
				CLANG_WARN_UNREACHABLE_CODE = YES;
				CLANG_WARN__DUPLICATE_METHOD_MATCH = YES;
				COPY_PHASE_STRIP = NO;
				DEBUG_INFORMATION_FORMAT = dwarf;
				ENABLE_STRICT_OBJC_MSGSEND = YES;
				ENABLE_TESTABILITY = YES;
				GCC_C_LANGUAGE_STANDARD = gnu11;
				GCC_DYNAMIC_NO_PIC = NO;
				GCC_NO_COMMON_BLOCKS = YES;
				GCC_OPTIMIZATION_LEVEL = 0;
				GCC_PREPROCESSOR_DEFINITIONS = (
					"DEBUG=1",
					"$(inherited)",
				);
				GCC_WARN_64_TO_32_BIT_CONVERSION = YES;
				GCC_WARN_ABOUT_RETURN_TYPE = YES_ERROR;
				GCC_WARN_UNDECLARED_SELECTOR = YES;
				GCC_WARN_UNINITIALIZED_AUTOS = YES_AGGRESSIVE;
				GCC_WARN_UNUSED_FUNCTION = YES;
				GCC_WARN_UNUSED_VARIABLE = YES;
				IPHONEOS_DEPLOYMENT_TARGET = 13.2;
				MTL_ENABLE_DEBUG_INFO = INCLUDE_SOURCE;
				MTL_FAST_MATH = YES;
				ONLY_ACTIVE_ARCH = YES;
				SDKROOT = iphoneos;
				SWIFT_ACTIVE_COMPILATION_CONDITIONS = DEBUG;
				SWIFT_OPTIMIZATION_LEVEL = "-Onone";
			};
			name = Debug;
		};
		B5E748932405583E00FABBA5 /* Release */ = {
			isa = XCBuildConfiguration;
			buildSettings = {
				ALWAYS_SEARCH_USER_PATHS = NO;
				CLANG_ANALYZER_NONNULL = YES;
				CLANG_ANALYZER_NUMBER_OBJECT_CONVERSION = YES_AGGRESSIVE;
				CLANG_CXX_LANGUAGE_STANDARD = "gnu++14";
				CLANG_CXX_LIBRARY = "libc++";
				CLANG_ENABLE_MODULES = YES;
				CLANG_ENABLE_OBJC_ARC = YES;
				CLANG_ENABLE_OBJC_WEAK = YES;
				CLANG_WARN_BLOCK_CAPTURE_AUTORELEASING = YES;
				CLANG_WARN_BOOL_CONVERSION = YES;
				CLANG_WARN_COMMA = YES;
				CLANG_WARN_CONSTANT_CONVERSION = YES;
				CLANG_WARN_DEPRECATED_OBJC_IMPLEMENTATIONS = YES;
				CLANG_WARN_DIRECT_OBJC_ISA_USAGE = YES_ERROR;
				CLANG_WARN_DOCUMENTATION_COMMENTS = YES;
				CLANG_WARN_EMPTY_BODY = YES;
				CLANG_WARN_ENUM_CONVERSION = YES;
				CLANG_WARN_INFINITE_RECURSION = YES;
				CLANG_WARN_INT_CONVERSION = YES;
				CLANG_WARN_NON_LITERAL_NULL_CONVERSION = YES;
				CLANG_WARN_OBJC_IMPLICIT_RETAIN_SELF = YES;
				CLANG_WARN_OBJC_LITERAL_CONVERSION = YES;
				CLANG_WARN_OBJC_ROOT_CLASS = YES_ERROR;
				CLANG_WARN_RANGE_LOOP_ANALYSIS = YES;
				CLANG_WARN_STRICT_PROTOTYPES = YES;
				CLANG_WARN_SUSPICIOUS_MOVE = YES;
				CLANG_WARN_UNGUARDED_AVAILABILITY = YES_AGGRESSIVE;
				CLANG_WARN_UNREACHABLE_CODE = YES;
				CLANG_WARN__DUPLICATE_METHOD_MATCH = YES;
				COPY_PHASE_STRIP = NO;
				DEBUG_INFORMATION_FORMAT = "dwarf-with-dsym";
				ENABLE_NS_ASSERTIONS = NO;
				ENABLE_STRICT_OBJC_MSGSEND = YES;
				GCC_C_LANGUAGE_STANDARD = gnu11;
				GCC_NO_COMMON_BLOCKS = YES;
				GCC_WARN_64_TO_32_BIT_CONVERSION = YES;
				GCC_WARN_ABOUT_RETURN_TYPE = YES_ERROR;
				GCC_WARN_UNDECLARED_SELECTOR = YES;
				GCC_WARN_UNINITIALIZED_AUTOS = YES_AGGRESSIVE;
				GCC_WARN_UNUSED_FUNCTION = YES;
				GCC_WARN_UNUSED_VARIABLE = YES;
				IPHONEOS_DEPLOYMENT_TARGET = 13.2;
				MTL_ENABLE_DEBUG_INFO = NO;
				MTL_FAST_MATH = YES;
				SDKROOT = iphoneos;
				SWIFT_COMPILATION_MODE = wholemodule;
				SWIFT_OPTIMIZATION_LEVEL = "-O";
				VALIDATE_PRODUCT = YES;
			};
			name = Release;
		};
		B5E748952405583E00FABBA5 /* Debug */ = {
			isa = XCBuildConfiguration;
			baseConfigurationReference = 36A1AA5DA42D63C8A94FA242 /* Pods-VishalDemoApp.debug.xcconfig */;
			buildSettings = {
				ASSETCATALOG_COMPILER_APPICON_NAME = AppIcon;
				CODE_SIGN_STYLE = Automatic;
				DEVELOPMENT_TEAM = GC6JB4BZX4;
				INFOPLIST_FILE = VishalDemoApp/Info.plist;
				LD_RUNPATH_SEARCH_PATHS = (
					"$(inherited)",
					"@executable_path/Frameworks",
				);
				PRODUCT_BUNDLE_IDENTIFIER = com.vup.VishalDemoApp;
				PRODUCT_NAME = "$(TARGET_NAME)";
				SWIFT_VERSION = 5.0;
				TARGETED_DEVICE_FAMILY = 1;
			};
			name = Debug;
		};
		B5E748962405583E00FABBA5 /* Release */ = {
			isa = XCBuildConfiguration;
			baseConfigurationReference = 160BF7DB01D654BF0A3C6ED4 /* Pods-VishalDemoApp.release.xcconfig */;
			buildSettings = {
				ASSETCATALOG_COMPILER_APPICON_NAME = AppIcon;
				CODE_SIGN_STYLE = Automatic;
				DEVELOPMENT_TEAM = GC6JB4BZX4;
				INFOPLIST_FILE = VishalDemoApp/Info.plist;
				LD_RUNPATH_SEARCH_PATHS = (
					"$(inherited)",
					"@executable_path/Frameworks",
				);
				PRODUCT_BUNDLE_IDENTIFIER = com.vup.VishalDemoApp;
				PRODUCT_NAME = "$(TARGET_NAME)";
				SWIFT_VERSION = 5.0;
				TARGETED_DEVICE_FAMILY = 1;
			};
			name = Release;
		};
		B5E748982405583E00FABBA5 /* Debug */ = {
			isa = XCBuildConfiguration;
			baseConfigurationReference = 85A026D2C1E4DB2014ABDA74 /* Pods-VishalDemoAppTests.debug.xcconfig */;
			buildSettings = {
				ALWAYS_EMBED_SWIFT_STANDARD_LIBRARIES = YES;
				BUNDLE_LOADER = "$(TEST_HOST)";
				CODE_SIGN_STYLE = Automatic;
				DEVELOPMENT_TEAM = GC6JB4BZX4;
				INFOPLIST_FILE = VishalDemoAppTests/Info.plist;
				IPHONEOS_DEPLOYMENT_TARGET = 13.2;
				LD_RUNPATH_SEARCH_PATHS = (
					"$(inherited)",
					"@executable_path/Frameworks",
					"@loader_path/Frameworks",
				);
				PRODUCT_BUNDLE_IDENTIFIER = com.vup.VishalDemoAppTests;
				PRODUCT_NAME = "$(TARGET_NAME)";
				SWIFT_VERSION = 5.0;
				TARGETED_DEVICE_FAMILY = "1,2";
				TEST_HOST = "$(BUILT_PRODUCTS_DIR)/VishalDemoApp.app/VishalDemoApp";
			};
			name = Debug;
		};
		B5E748992405583E00FABBA5 /* Release */ = {
			isa = XCBuildConfiguration;
			baseConfigurationReference = AF091ECB80B42E2AAA248120 /* Pods-VishalDemoAppTests.release.xcconfig */;
			buildSettings = {
				ALWAYS_EMBED_SWIFT_STANDARD_LIBRARIES = YES;
				BUNDLE_LOADER = "$(TEST_HOST)";
				CODE_SIGN_STYLE = Automatic;
				DEVELOPMENT_TEAM = GC6JB4BZX4;
				INFOPLIST_FILE = VishalDemoAppTests/Info.plist;
				IPHONEOS_DEPLOYMENT_TARGET = 13.2;
				LD_RUNPATH_SEARCH_PATHS = (
					"$(inherited)",
					"@executable_path/Frameworks",
					"@loader_path/Frameworks",
				);
				PRODUCT_BUNDLE_IDENTIFIER = com.vup.VishalDemoAppTests;
				PRODUCT_NAME = "$(TARGET_NAME)";
				SWIFT_VERSION = 5.0;
				TARGETED_DEVICE_FAMILY = "1,2";
				TEST_HOST = "$(BUILT_PRODUCTS_DIR)/VishalDemoApp.app/VishalDemoApp";
			};
			name = Release;
		};
/* End XCBuildConfiguration section */

/* Begin XCConfigurationList section */
		B5E748702405582900FABBA5 /* Build configuration list for PBXProject "VishalDemoApp" */ = {
			isa = XCConfigurationList;
			buildConfigurations = (
				B5E748922405583E00FABBA5 /* Debug */,
				B5E748932405583E00FABBA5 /* Release */,
			);
			defaultConfigurationIsVisible = 0;
			defaultConfigurationName = Release;
		};
		B5E748942405583E00FABBA5 /* Build configuration list for PBXNativeTarget "VishalDemoApp" */ = {
			isa = XCConfigurationList;
			buildConfigurations = (
				B5E748952405583E00FABBA5 /* Debug */,
				B5E748962405583E00FABBA5 /* Release */,
			);
			defaultConfigurationIsVisible = 0;
			defaultConfigurationName = Release;
		};
		B5E748972405583E00FABBA5 /* Build configuration list for PBXNativeTarget "VishalDemoAppTests" */ = {
			isa = XCConfigurationList;
			buildConfigurations = (
				B5E748982405583E00FABBA5 /* Debug */,
				B5E748992405583E00FABBA5 /* Release */,
			);
			defaultConfigurationIsVisible = 0;
			defaultConfigurationName = Release;
		};
/* End XCConfigurationList section */
	};
	rootObject = B5E7486D2405582900FABBA5 /* Project object */;
}
