PODS:
  - Kingfisher (5.13.1):
    - Kingfisher/Core (= 5.13.1)
  - Kingfisher/Core (5.13.1)

DEPENDENCIES:
  - Kingfisher (~> 5.0)

SPEC REPOS:
  trunk:
    - Kingfisher

SPEC CHECKSUMS:
  Kingfisher: f33a848445e33c543620812158dc5d47f6bf90df

PODFILE CHECKSUM: 8d82339a196a8da4f17dbfd7b9a477a51c1d5d84

COCOAPODS: 1.9.0.beta.3
